PODS:
  - AWSCognito (2.5.8):
    - AWSCore (= 2.5.8)
  - AWSCognitoIdentityProvider (2.5.8):
    - AWSCore (= 2.5.8)
  - AWSCore (2.5.8)
  - AWSS3 (2.5.8):
    - AWSCore (= 2.5.8)

DEPENDENCIES:
  - AWSCognito
  - AWSCognitoIdentityProvider
  - AWSS3

SPEC CHECKSUMS:
  AWSCognito: 8eb74039f4dc5f2d929999c4f531eeb4bd83e6cb
  AWSCognitoIdentityProvider: 6c0c276a16b622914563350c64d723bcecaa9e75
  AWSCore: cf101c44d2cc5da32abc27d5529cddc63c010415
  AWSS3: addf558f9cf2368e7fb520440867fea5596db0fb

PODFILE CHECKSUM: f94e93ae19047f28afb0106ede75ecc7caacfb11

COCOAPODS: 1.2.1
